{
  "name": "cwp22",
  "version": "1.2.3",
  "lockfileVersion": 1,
  "requires": true,
  "dependencies": {
    "bazilgodcwp22": {
      "version": "2.0.0",
      "resolved": "https://registry.npmjs.org/bazilgodcwp22/-/bazilgodcwp22-2.0.0.tgz",
      "integrity": "sha512-5b6HO7oaB8NEErWG65bGCtmiC9Q2kgVj53oGObGeKxOwqCYLaBVPTuNvTrAQjhPlDMT8HM+5TLa2dpqI7jQbJA=="
    }
  }
}
